
Microsoft Visual Studio Solution File, Format Version 12.00
# Visual Studio 14
VisualStudioVersion = 14.0.25420.1
MinimumVisualStudioVersion = 10.0.40219.1
Project("{FAE04EC0-301F-11D3-BF4B-00C04F79EFBC}") = "SeleniumSamples", "SeleniumSamples\SeleniumSamples.csproj", "{955F3740-3EBF-4407-8524-BD92E62A8718}"
EndProject
Project("{FAE04EC0-301F-11D3-BF4B-00C04F79EFBC}") = "SeleniumSamplesWinForm", "SeleniumSamplesWinForm\SeleniumSamplesWinForm.csproj", "{47B81262-7BB1-4F49-876A-31DBACEB8B7C}"
EndProject
Global
	GlobalSection(SolutionConfigurationPlatforms) = preSolution
		Debug|Any CPU = Debug|Any CPU
		Release|Any CPU = Release|Any CPU
	EndGlobalSection
	GlobalSection(ProjectConfigurationPlatforms) = postSolution
		{955F3740-3EBF-4407-8524-BD92E62A8718}.Debug|Any CPU.ActiveCfg = Debug|Any CPU
		{955F3740-3EBF-4407-8524-BD92E62A8718}.Debug|Any CPU.Build.0 = Debug|Any CPU
		{955F3740-3EBF-4407-8524-BD92E62A8718}.Release|Any CPU.ActiveCfg = Release|Any CPU
		{955F3740-3EBF-4407-8524-BD92E62A8718}.Release|Any CPU.Build.0 = Release|Any CPU
		{47B81262-7BB1-4F49-876A-31DBACEB8B7C}.Debug|Any CPU.ActiveCfg = Debug|Any CPU
		{47B81262-7BB1-4F49-876A-31DBACEB8B7C}.Debug|Any CPU.Build.0 = Debug|Any CPU
		{47B81262-7BB1-4F49-876A-31DBACEB8B7C}.Release|Any CPU.ActiveCfg = Release|Any CPU
		{47B81262-7BB1-4F49-876A-31DBACEB8B7C}.Release|Any CPU.Build.0 = Release|Any CPU
	EndGlobalSection
	GlobalSection(SolutionProperties) = preSolution
		HideSolutionNode = FALSE
	EndGlobalSection
EndGlobal
